
Microsoft Visual Studio Solution File, Format Version 12.00
Project("{FAE04EC0-301F-11D3-BF4B-00C04F79EFBC}") = "PeerReviewApp", "PeerReviewApp\PeerReviewApp.csproj", "{B7395368-A8A7-4992-9C7C-AD63B30C82C4}"
EndProject
Project("{FAE04EC0-301F-11D3-BF4B-00C04F79EFBC}") = "UnitTests", "UnitTests\UnitTests.csproj", "{D09D82C4-388F-431E-821E-AA0B254F5AE3}"
EndProject
Global
	GlobalSection(SolutionConfigurationPlatforms) = preSolution
		Debug|Any CPU = Debug|Any CPU
		Release|Any CPU = Release|Any CPU
	EndGlobalSection
	GlobalSection(ProjectConfigurationPlatforms) = postSolution
		{B7395368-A8A7-4992-9C7C-AD63B30C82C4}.Debug|Any CPU.ActiveCfg = Debug|Any CPU
		{B7395368-A8A7-4992-9C7C-AD63B30C82C4}.Debug|Any CPU.Build.0 = Debug|Any CPU
		{B7395368-A8A7-4992-9C7C-AD63B30C82C4}.Release|Any CPU.ActiveCfg = Release|Any CPU
		{B7395368-A8A7-4992-9C7C-AD63B30C82C4}.Release|Any CPU.Build.0 = Release|Any CPU
		{D09D82C4-388F-431E-821E-AA0B254F5AE3}.Debug|Any CPU.ActiveCfg = Debug|Any CPU
		{D09D82C4-388F-431E-821E-AA0B254F5AE3}.Debug|Any CPU.Build.0 = Debug|Any CPU
		{D09D82C4-388F-431E-821E-AA0B254F5AE3}.Release|Any CPU.ActiveCfg = Release|Any CPU
		{D09D82C4-388F-431E-821E-AA0B254F5AE3}.Release|Any CPU.Build.0 = Release|Any CPU
	EndGlobalSection
EndGlobal
